
Microsoft Visual Studio Solution File, Format Version 12.00
# Visual Studio Version 17
VisualStudioVersion = 17.0.31903.59
MinimumVisualStudioVersion = 10.0.40219.1
Project("{2150E333-8FDC-42A3-9474-1A3956D46DE8}") = "src", "src", "{0E823FAB-BBF1-46CA-A44B-FECC7B6F61D8}"
EndProject
Project("{FAE04EC0-301F-11D3-BF4B-00C04F79EFBC}") = "FFDownloader.Core", "src\FFDownloader.Core\FFDownloader.Core.csproj", "{7F1E5ED0-0B57-4756-ACEF-02400D75744A}"
EndProject
Project("{2150E333-8FDC-42A3-9474-1A3956D46DE8}") = "tests", "tests", "{C635C581-986B-4BF9-9C6B-AB8853C67714}"
EndProject
Project("{FAE04EC0-301F-11D3-BF4B-00C04F79EFBC}") = "FFDownloader.Core.Tests", "tests\FFDownloader.Core.Tests\FFDownloader.Core.Tests.csproj", "{8B3E4FB8-7594-44A7-ABB1-0C5AD3EA8162}"
EndProject
Project("{FAE04EC0-301F-11D3-BF4B-00C04F79EFBC}") = "FFDownloader.App", "src\FFDownloader.App\FFDownloader.App.csproj", "{9A231A1F-4E3F-4D0D-9A55-600A5E017A35}"
EndProject
Project("{FAE04EC0-301F-11D3-BF4B-00C04F79EFBC}") = "FFDownloader.App.Tests", "tests\FFDownloader.App.Tests\FFDownloader.App.Tests.csproj", "{E873D25D-EDF4-4739-96BF-E13A6CDFED06}"
EndProject
Global
	GlobalSection(SolutionConfigurationPlatforms) = preSolution
		Debug|Any CPU = Debug|Any CPU
		Release|Any CPU = Release|Any CPU
	EndGlobalSection
	GlobalSection(SolutionProperties) = preSolution
		HideSolutionNode = FALSE
	EndGlobalSection
	GlobalSection(ProjectConfigurationPlatforms) = postSolution
		{7F1E5ED0-0B57-4756-ACEF-02400D75744A}.Debug|Any CPU.ActiveCfg = Debug|Any CPU
		{7F1E5ED0-0B57-4756-ACEF-02400D75744A}.Debug|Any CPU.Build.0 = Debug|Any CPU
		{7F1E5ED0-0B57-4756-ACEF-02400D75744A}.Release|Any CPU.ActiveCfg = Release|Any CPU
		{7F1E5ED0-0B57-4756-ACEF-02400D75744A}.Release|Any CPU.Build.0 = Release|Any CPU
		{8B3E4FB8-7594-44A7-ABB1-0C5AD3EA8162}.Debug|Any CPU.ActiveCfg = Debug|Any CPU
		{8B3E4FB8-7594-44A7-ABB1-0C5AD3EA8162}.Debug|Any CPU.Build.0 = Debug|Any CPU
		{8B3E4FB8-7594-44A7-ABB1-0C5AD3EA8162}.Release|Any CPU.ActiveCfg = Release|Any CPU
		{8B3E4FB8-7594-44A7-ABB1-0C5AD3EA8162}.Release|Any CPU.Build.0 = Release|Any CPU
		{9A231A1F-4E3F-4D0D-9A55-600A5E017A35}.Debug|Any CPU.ActiveCfg = Debug|Any CPU
		{9A231A1F-4E3F-4D0D-9A55-600A5E017A35}.Debug|Any CPU.Build.0 = Debug|Any CPU
		{9A231A1F-4E3F-4D0D-9A55-600A5E017A35}.Release|Any CPU.ActiveCfg = Release|Any CPU
		{9A231A1F-4E3F-4D0D-9A55-600A5E017A35}.Release|Any CPU.Build.0 = Release|Any CPU
		{E873D25D-EDF4-4739-96BF-E13A6CDFED06}.Debug|Any CPU.ActiveCfg = Debug|Any CPU
		{E873D25D-EDF4-4739-96BF-E13A6CDFED06}.Debug|Any CPU.Build.0 = Debug|Any CPU
		{E873D25D-EDF4-4739-96BF-E13A6CDFED06}.Release|Any CPU.ActiveCfg = Release|Any CPU
		{E873D25D-EDF4-4739-96BF-E13A6CDFED06}.Release|Any CPU.Build.0 = Release|Any CPU
	EndGlobalSection
	GlobalSection(NestedProjects) = preSolution
		{7F1E5ED0-0B57-4756-ACEF-02400D75744A} = {0E823FAB-BBF1-46CA-A44B-FECC7B6F61D8}
		{8B3E4FB8-7594-44A7-ABB1-0C5AD3EA8162} = {C635C581-986B-4BF9-9C6B-AB8853C67714}
		{9A231A1F-4E3F-4D0D-9A55-600A5E017A35} = {0E823FAB-BBF1-46CA-A44B-FECC7B6F61D8}
		{E873D25D-EDF4-4739-96BF-E13A6CDFED06} = {C635C581-986B-4BF9-9C6B-AB8853C67714}
	EndGlobalSection
EndGlobal
